// !$*UTF8*$!
{
	archiveVersion = 1;
	classes = {
	};
	objectVersion = 48;
	objects = {

/* Begin PBXBuildFile section */
		650C1E84234E2FDB001882B9 /* BBC_Fruits_App_BBCAnalytics_Tests.swift in Sources */ = {isa = PBXBuildFile; fileRef = 650C1E82234E2E48001882B9 /* BBC_Fruits_App_BBCAnalytics_Tests.swift */; };
		650C1E85234E2FDB001882B9 /* BBC_Fruits_App_BBCFruitsAPI_Tests.swift in Sources */ = {isa = PBXBuildFile; fileRef = 650C1E7F234E2E47001882B9 /* BBC_Fruits_App_BBCFruitsAPI_Tests.swift */; };
		650C1E86234E2FDB001882B9 /* BBC_Fruits_App_BBCNewsDecoder_Tests.swift in Sources */ = {isa = PBXBuildFile; fileRef = 650C1E83234E2E48001882B9 /* BBC_Fruits_App_BBCNewsDecoder_Tests.swift */; };
		650C1E88234E2FDB001882B9 /* BBC_Fruits_App_Model_Tests.swift in Sources */ = {isa = PBXBuildFile; fileRef = 650C1E80234E2E47001882B9 /* BBC_Fruits_App_Model_Tests.swift */; };
		6532CFAD2344EBAA0006B052 /* AppDelegate.swift in Sources */ = {isa = PBXBuildFile; fileRef = 6532CFAC2344EBAA0006B052 /* AppDelegate.swift */; };
		6532CFB22344EBAA0006B052 /* Main.storyboard in Resources */ = {isa = PBXBuildFile; fileRef = 6532CFB02344EBAA0006B052 /* Main.storyboard */; };
		6532CFB42344EBAA0006B052 /* Assets.xcassets in Resources */ = {isa = PBXBuildFile; fileRef = 6532CFB32344EBAA0006B052 /* Assets.xcassets */; };
		6532CFB72344EBAA0006B052 /* LaunchScreen.storyboard in Resources */ = {isa = PBXBuildFile; fileRef = 6532CFB52344EBAA0006B052 /* LaunchScreen.storyboard */; };
		6532CFD02344EFDC0006B052 /* Fruit.swift in Sources */ = {isa = PBXBuildFile; fileRef = 6532CFCF2344EFDC0006B052 /* Fruit.swift */; };
		6532CFD22344F2500006B052 /* Event.swift in Sources */ = {isa = PBXBuildFile; fileRef = 6532CFD12344F2500006B052 /* Event.swift */; };
		6532CFD42344F5B20006B052 /* BBCAnalytics.swift in Sources */ = {isa = PBXBuildFile; fileRef = 6532CFD32344F5B10006B052 /* BBCAnalytics.swift */; };
		6532CFD82344FB2C0006B052 /* Application.swift in Sources */ = {isa = PBXBuildFile; fileRef = 6532CFD72344FB2C0006B052 /* Application.swift */; };
		6532CFD92344FDFC0006B052 /* Application.swift in Sources */ = {isa = PBXBuildFile; fileRef = 6532CFD72344FB2C0006B052 /* Application.swift */; };
		65338ACB234F51190045C22C /* MassFormatter+Convinience.swift in Sources */ = {isa = PBXBuildFile; fileRef = 65338ACA234F51190045C22C /* MassFormatter+Convinience.swift */; };
		65338ACD234F52400045C22C /* BBC_Fruits_App_DataFormatters_Tests.swift in Sources */ = {isa = PBXBuildFile; fileRef = 65338ACC234F52400045C22C /* BBC_Fruits_App_DataFormatters_Tests.swift */; };
		653C9BA2234628B70007B147 /* BBCFruitsAPI.swift in Sources */ = {isa = PBXBuildFile; fileRef = 653C9BA1234628B70007B147 /* BBCFruitsAPI.swift */; };
		653C9BA523462B950007B147 /* Networking.swift in Sources */ = {isa = PBXBuildFile; fileRef = 653C9BA423462B950007B147 /* Networking.swift */; };
		653C9BA7234635650007B147 /* BBCFruits.swift in Sources */ = {isa = PBXBuildFile; fileRef = 653C9BA6234635650007B147 /* BBCFruits.swift */; };
		653C9BAB23463B070007B147 /* BBCFruitsDecoder.swift in Sources */ = {isa = PBXBuildFile; fileRef = 653C9BAA23463B070007B147 /* BBCFruitsDecoder.swift */; };
		65747C1023478D9B00377D6D /* FruitTableViewController.swift in Sources */ = {isa = PBXBuildFile; fileRef = 65747C0F23478D9B00377D6D /* FruitTableViewController.swift */; };
		65747C1423478F5600377D6D /* FruitDatasource.swift in Sources */ = {isa = PBXBuildFile; fileRef = 65747C1323478F5600377D6D /* FruitDatasource.swift */; };
		65747C162347924300377D6D /* FruitTableViewControllerDelegate.swift in Sources */ = {isa = PBXBuildFile; fileRef = 65747C152347924300377D6D /* FruitTableViewControllerDelegate.swift */; };
		65747C19234794E900377D6D /* UITableViewController+Background.swift in Sources */ = {isa = PBXBuildFile; fileRef = 65747C18234794E900377D6D /* UITableViewController+Background.swift */; };
		65B8909D2347B77F00A299E6 /* FruitDetailsViewController.swift in Sources */ = {isa = PBXBuildFile; fileRef = 65B8909C2347B77F00A299E6 /* FruitDetailsViewController.swift */; };
		65B8909F2347BA8B00A299E6 /* UIStoryboardSegue+Destination.swift in Sources */ = {isa = PBXBuildFile; fileRef = 65B8909E2347BA8B00A299E6 /* UIStoryboardSegue+Destination.swift */; };
/* End PBXBuildFile section */

/* Begin PBXContainerItemProxy section */
		6532CFBE2344EBAA0006B052 /* PBXContainerItemProxy */ = {
			isa = PBXContainerItemProxy;
			containerPortal = 6532CFA12344EBA90006B052 /* Project object */;
			proxyType = 1;
			remoteGlobalIDString = 6532CFA82344EBA90006B052;
			remoteInfo = "BBC News App";
		};
/* End PBXContainerItemProxy section */

/* Begin PBXFileReference section */
		650C1E7F234E2E47001882B9 /* BBC_Fruits_App_BBCFruitsAPI_Tests.swift */ = {isa = PBXFileReference; lastKnownFileType = sourcecode.swift; path = BBC_Fruits_App_BBCFruitsAPI_Tests.swift; sourceTree = "<group>"; };
		650C1E80234E2E47001882B9 /* BBC_Fruits_App_Model_Tests.swift */ = {isa = PBXFileReference; lastKnownFileType = sourcecode.swift; path = BBC_Fruits_App_Model_Tests.swift; sourceTree = "<group>"; };
		650C1E82234E2E48001882B9 /* BBC_Fruits_App_BBCAnalytics_Tests.swift */ = {isa = PBXFileReference; lastKnownFileType = sourcecode.swift; path = BBC_Fruits_App_BBCAnalytics_Tests.swift; sourceTree = "<group>"; };
		650C1E83234E2E48001882B9 /* BBC_Fruits_App_BBCNewsDecoder_Tests.swift */ = {isa = PBXFileReference; lastKnownFileType = sourcecode.swift; path = BBC_Fruits_App_BBCNewsDecoder_Tests.swift; sourceTree = "<group>"; };
		6532CFA92344EBA90006B052 /* BBC Fruits App.app */ = {isa = PBXFileReference; explicitFileType = wrapper.application; includeInIndex = 0; path = "BBC Fruits App.app"; sourceTree = BUILT_PRODUCTS_DIR; };
		6532CFAC2344EBAA0006B052 /* AppDelegate.swift */ = {isa = PBXFileReference; lastKnownFileType = sourcecode.swift; path = AppDelegate.swift; sourceTree = "<group>"; };
		6532CFB12344EBAA0006B052 /* Base */ = {isa = PBXFileReference; lastKnownFileType = file.storyboard; name = Base; path = Base.lproj/Main.storyboard; sourceTree = "<group>"; };
		6532CFB32344EBAA0006B052 /* Assets.xcassets */ = {isa = PBXFileReference; lastKnownFileType = folder.assetcatalog; path = Assets.xcassets; sourceTree = "<group>"; };
		6532CFB62344EBAA0006B052 /* Base */ = {isa = PBXFileReference; lastKnownFileType = file.storyboard; name = Base; path = Base.lproj/LaunchScreen.storyboard; sourceTree = "<group>"; };
		6532CFB82344EBAA0006B052 /* Info.plist */ = {isa = PBXFileReference; lastKnownFileType = text.plist.xml; path = Info.plist; sourceTree = "<group>"; };
		6532CFBD2344EBAA0006B052 /* BBC Fruits AppTests.xctest */ = {isa = PBXFileReference; explicitFileType = wrapper.cfbundle; includeInIndex = 0; path = "BBC Fruits AppTests.xctest"; sourceTree = BUILT_PRODUCTS_DIR; };
		6532CFC32344EBAA0006B052 /* Info.plist */ = {isa = PBXFileReference; lastKnownFileType = text.plist.xml; path = Info.plist; sourceTree = "<group>"; };
		6532CFCF2344EFDC0006B052 /* Fruit.swift */ = {isa = PBXFileReference; lastKnownFileType = sourcecode.swift; path = Fruit.swift; sourceTree = "<group>"; };
		6532CFD12344F2500006B052 /* Event.swift */ = {isa = PBXFileReference; lastKnownFileType = sourcecode.swift; path = Event.swift; sourceTree = "<group>"; };
		6532CFD32344F5B10006B052 /* BBCAnalytics.swift */ = {isa = PBXFileReference; lastKnownFileType = sourcecode.swift; path = BBCAnalytics.swift; sourceTree = "<group>"; };
		6532CFD72344FB2C0006B052 /* Application.swift */ = {isa = PBXFileReference; lastKnownFileType = sourcecode.swift; path = Application.swift; sourceTree = "<group>"; };
		65338ACA234F51190045C22C /* MassFormatter+Convinience.swift */ = {isa = PBXFileReference; lastKnownFileType = sourcecode.swift; path = "MassFormatter+Convinience.swift"; sourceTree = "<group>"; };
		65338ACC234F52400045C22C /* BBC_Fruits_App_DataFormatters_Tests.swift */ = {isa = PBXFileReference; lastKnownFileType = sourcecode.swift; path = BBC_Fruits_App_DataFormatters_Tests.swift; sourceTree = "<group>"; };
		653C9BA1234628B70007B147 /* BBCFruitsAPI.swift */ = {isa = PBXFileReference; lastKnownFileType = sourcecode.swift; path = BBCFruitsAPI.swift; sourceTree = "<group>"; };
		653C9BA423462B950007B147 /* Networking.swift */ = {isa = PBXFileReference; lastKnownFileType = sourcecode.swift; path = Networking.swift; sourceTree = "<group>"; };
		653C9BA6234635650007B147 /* BBCFruits.swift */ = {isa = PBXFileReference; lastKnownFileType = sourcecode.swift; path = BBCFruits.swift; sourceTree = "<group>"; };
		653C9BAA23463B070007B147 /* BBCFruitsDecoder.swift */ = {isa = PBXFileReference; lastKnownFileType = sourcecode.swift; path = BBCFruitsDecoder.swift; sourceTree = "<group>"; };
		65747C0F23478D9B00377D6D /* FruitTableViewController.swift */ = {isa = PBXFileReference; lastKnownFileType = sourcecode.swift; path = FruitTableViewController.swift; sourceTree = "<group>"; };
		65747C1323478F5600377D6D /* FruitDatasource.swift */ = {isa = PBXFileReference; lastKnownFileType = sourcecode.swift; path = FruitDatasource.swift; sourceTree = "<group>"; };
		65747C152347924300377D6D /* FruitTableViewControllerDelegate.swift */ = {isa = PBXFileReference; lastKnownFileType = sourcecode.swift; path = FruitTableViewControllerDelegate.swift; sourceTree = "<group>"; };
		65747C18234794E900377D6D /* UITableViewController+Background.swift */ = {isa = PBXFileReference; lastKnownFileType = sourcecode.swift; path = "UITableViewController+Background.swift"; sourceTree = "<group>"; };
		65B8909C2347B77F00A299E6 /* FruitDetailsViewController.swift */ = {isa = PBXFileReference; lastKnownFileType = sourcecode.swift; path = FruitDetailsViewController.swift; sourceTree = "<group>"; };
		65B8909E2347BA8B00A299E6 /* UIStoryboardSegue+Destination.swift */ = {isa = PBXFileReference; lastKnownFileType = sourcecode.swift; path = "UIStoryboardSegue+Destination.swift"; sourceTree = "<group>"; };
/* End PBXFileReference section */

/* Begin PBXFrameworksBuildPhase section */
		6532CFA62344EBA90006B052 /* Frameworks */ = {
			isa = PBXFrameworksBuildPhase;
			buildActionMask = 2147483647;
			files = (
			);
			runOnlyForDeploymentPostprocessing = 0;
		};
		6532CFBA2344EBAA0006B052 /* Frameworks */ = {
			isa = PBXFrameworksBuildPhase;
			buildActionMask = 2147483647;
			files = (
			);
			runOnlyForDeploymentPostprocessing = 0;
		};
/* End PBXFrameworksBuildPhase section */

/* Begin PBXGroup section */
		6532CFA02344EBA90006B052 = {
			isa = PBXGroup;
			children = (
				6532CFAB2344EBA90006B052 /* Source */,
				6532CFC02344EBAA0006B052 /* BBC Fruits AppTests */,
				6532CFAA2344EBA90006B052 /* Products */,
			);
			sourceTree = "<group>";
		};
		6532CFAA2344EBA90006B052 /* Products */ = {
			isa = PBXGroup;
			children = (
				6532CFA92344EBA90006B052 /* BBC Fruits App.app */,
				6532CFBD2344EBAA0006B052 /* BBC Fruits AppTests.xctest */,
			);
			name = Products;
			sourceTree = "<group>";
		};
		6532CFAB2344EBA90006B052 /* Source */ = {
			isa = PBXGroup;
			children = (
				6532CFCC2344ED7E0006B052 /* Model */,
				6532CFCD2344ED870006B052 /* View */,
				6532CFCE2344ED8F0006B052 /* Controllers */,
				6532CFAC2344EBAA0006B052 /* AppDelegate.swift */,
				6532CFD72344FB2C0006B052 /* Application.swift */,
				6532CFB32344EBAA0006B052 /* Assets.xcassets */,
				6532CFB52344EBAA0006B052 /* LaunchScreen.storyboard */,
				6532CFB82344EBAA0006B052 /* Info.plist */,
			);
			path = Source;
			sourceTree = "<group>";
		};
		6532CFC02344EBAA0006B052 /* BBC Fruits AppTests */ = {
			isa = PBXGroup;
			children = (
				650C1E82234E2E48001882B9 /* BBC_Fruits_App_BBCAnalytics_Tests.swift */,
				650C1E7F234E2E47001882B9 /* BBC_Fruits_App_BBCFruitsAPI_Tests.swift */,
				650C1E83234E2E48001882B9 /* BBC_Fruits_App_BBCNewsDecoder_Tests.swift */,
				650C1E80234E2E47001882B9 /* BBC_Fruits_App_Model_Tests.swift */,
				65338ACC234F52400045C22C /* BBC_Fruits_App_DataFormatters_Tests.swift */,
				6532CFC32344EBAA0006B052 /* Info.plist */,
			);
			path = "BBC Fruits AppTests";
			sourceTree = "<group>";
		};
		6532CFCC2344ED7E0006B052 /* Model */ = {
			isa = PBXGroup;
			children = (
				65747C17234794C200377D6D /* Extensions */,
				65747C1123478ED000377D6D /* Datasources */,
				653C9BA923463AF50007B147 /* Decoders */,
				653C9BA323462AD90007B147 /* Networking */,
				653C9BA0234627F20007B147 /* BBCFruitssAPI */,
				6532CFCF2344EFDC0006B052 /* Fruit.swift */,
				6532CFD12344F2500006B052 /* Event.swift */,
				6532CFD32344F5B10006B052 /* BBCAnalytics.swift */,
				653C9BA6234635650007B147 /* BBCFruits.swift */,
			);
			path = Model;
			sourceTree = "<group>";
		};
		6532CFCD2344ED870006B052 /* View */ = {
			isa = PBXGroup;
			children = (
				6532CFB02344EBAA0006B052 /* Main.storyboard */,
			);
			path = View;
			sourceTree = "<group>";
		};
		6532CFCE2344ED8F0006B052 /* Controllers */ = {
			isa = PBXGroup;
			children = (
				65747C0F23478D9B00377D6D /* FruitTableViewController.swift */,
				65B8909C2347B77F00A299E6 /* FruitDetailsViewController.swift */,
			);
			path = Controllers;
			sourceTree = "<group>";
		};
		653C9BA0234627F20007B147 /* BBCFruitssAPI */ = {
			isa = PBXGroup;
			children = (
				653C9BA1234628B70007B147 /* BBCFruitsAPI.swift */,
			);
			path = BBCFruitssAPI;
			sourceTree = "<group>";
		};
		653C9BA323462AD90007B147 /* Networking */ = {
			isa = PBXGroup;
			children = (
				653C9BA423462B950007B147 /* Networking.swift */,
			);
			path = Networking;
			sourceTree = "<group>";
		};
		653C9BA923463AF50007B147 /* Decoders */ = {
			isa = PBXGroup;
			children = (
				653C9BAA23463B070007B147 /* BBCFruitsDecoder.swift */,
			);
			path = Decoders;
			sourceTree = "<group>";
		};
		65747C1123478ED000377D6D /* Datasources */ = {
			isa = PBXGroup;
			children = (
				65747C1323478F5600377D6D /* FruitDatasource.swift */,
				65747C152347924300377D6D /* FruitTableViewControllerDelegate.swift */,
			);
			path = Datasources;
			sourceTree = "<group>";
		};
		65747C17234794C200377D6D /* Extensions */ = {
			isa = PBXGroup;
			children = (
				65747C18234794E900377D6D /* UITableViewController+Background.swift */,
				65B8909E2347BA8B00A299E6 /* UIStoryboardSegue+Destination.swift */,
				65338ACA234F51190045C22C /* MassFormatter+Convinience.swift */,
			);
			path = Extensions;
			sourceTree = "<group>";
		};
/* End PBXGroup section */

/* Begin PBXNativeTarget section */
		6532CFA82344EBA90006B052 /* BBC Fruits App */ = {
			isa = PBXNativeTarget;
			buildConfigurationList = 6532CFC62344EBAA0006B052 /* Build configuration list for PBXNativeTarget "BBC Fruits App" */;
			buildPhases = (
				6532CFA52344EBA90006B052 /* Sources */,
				6532CFA62344EBA90006B052 /* Frameworks */,
				6532CFA72344EBA90006B052 /* Resources */,
			);
			buildRules = (
			);
			dependencies = (
			);
			name = "BBC Fruits App";
			productName = "BBC News App";
			productReference = 6532CFA92344EBA90006B052 /* BBC Fruits App.app */;
			productType = "com.apple.product-type.application";
		};
		6532CFBC2344EBAA0006B052 /* BBC Fruits AppTests */ = {
			isa = PBXNativeTarget;
			buildConfigurationList = 6532CFC92344EBAA0006B052 /* Build configuration list for PBXNativeTarget "BBC Fruits AppTests" */;
			buildPhases = (
				6532CFB92344EBAA0006B052 /* Sources */,
				6532CFBA2344EBAA0006B052 /* Frameworks */,
				6532CFBB2344EBAA0006B052 /* Resources */,
			);
			buildRules = (
			);
			dependencies = (
				6532CFBF2344EBAA0006B052 /* PBXTargetDependency */,
			);
			name = "BBC Fruits AppTests";
			productName = "BBC News AppTests";
			productReference = 6532CFBD2344EBAA0006B052 /* BBC Fruits AppTests.xctest */;
			productType = "com.apple.product-type.bundle.unit-test";
		};
/* End PBXNativeTarget section */

/* Begin PBXProject section */
		6532CFA12344EBA90006B052 /* Project object */ = {
			isa = PBXProject;
			attributes = {
				LastSwiftUpdateCheck = 0900;
				LastUpgradeCheck = 0900;
				ORGANIZATIONNAME = "Jatinder Pal Singh Khera";
				TargetAttributes = {
					6532CFA82344EBA90006B052 = {
						CreatedOnToolsVersion = 9.0;
						ProvisioningStyle = Automatic;
					};
					6532CFBC2344EBAA0006B052 = {
						CreatedOnToolsVersion = 9.0;
						ProvisioningStyle = Automatic;
						TestTargetID = 6532CFA82344EBA90006B052;
					};
				};
			};
			buildConfigurationList = 6532CFA42344EBA90006B052 /* Build configuration list for PBXProject "BBC Fruits App" */;
			compatibilityVersion = "Xcode 8.0";
			developmentRegion = en;
			hasScannedForEncodings = 0;
			knownRegions = (
				en,
				Base,
			);
			mainGroup = 6532CFA02344EBA90006B052;
			productRefGroup = 6532CFAA2344EBA90006B052 /* Products */;
			projectDirPath = "";
			projectRoot = "";
			targets = (
				6532CFA82344EBA90006B052 /* BBC Fruits App */,
				6532CFBC2344EBAA0006B052 /* BBC Fruits AppTests */,
			);
		};
/* End PBXProject section */

/* Begin PBXResourcesBuildPhase section */
		6532CFA72344EBA90006B052 /* Resources */ = {
			isa = PBXResourcesBuildPhase;
			buildActionMask = 2147483647;
			files = (
				6532CFB72344EBAA0006B052 /* LaunchScreen.storyboard in Resources */,
				6532CFB42344EBAA0006B052 /* Assets.xcassets in Resources */,
				6532CFB22344EBAA0006B052 /* Main.storyboard in Resources */,
			);
			runOnlyForDeploymentPostprocessing = 0;
		};
		6532CFBB2344EBAA0006B052 /* Resources */ = {
			isa = PBXResourcesBuildPhase;
			buildActionMask = 2147483647;
			files = (
			);
			runOnlyForDeploymentPostprocessing = 0;
		};
/* End PBXResourcesBuildPhase section */

/* Begin PBXSourcesBuildPhase section */
		6532CFA52344EBA90006B052 /* Sources */ = {
			isa = PBXSourcesBuildPhase;
			buildActionMask = 2147483647;
			files = (
				653C9BA7234635650007B147 /* BBCFruits.swift in Sources */,
				6532CFD92344FDFC0006B052 /* Application.swift in Sources */,
				6532CFD42344F5B20006B052 /* BBCAnalytics.swift in Sources */,
				65B8909F2347BA8B00A299E6 /* UIStoryboardSegue+Destination.swift in Sources */,
				6532CFD22344F2500006B052 /* Event.swift in Sources */,
				653C9BA523462B950007B147 /* Networking.swift in Sources */,
				65747C1023478D9B00377D6D /* FruitTableViewController.swift in Sources */,
				653C9BA2234628B70007B147 /* BBCFruitsAPI.swift in Sources */,
				65747C1423478F5600377D6D /* FruitDatasource.swift in Sources */,
				65747C162347924300377D6D /* FruitTableViewControllerDelegate.swift in Sources */,
				6532CFAD2344EBAA0006B052 /* AppDelegate.swift in Sources */,
				65B8909D2347B77F00A299E6 /* FruitDetailsViewController.swift in Sources */,
				65747C19234794E900377D6D /* UITableViewController+Background.swift in Sources */,
				6532CFD02344EFDC0006B052 /* Fruit.swift in Sources */,
				65338ACB234F51190045C22C /* MassFormatter+Convinience.swift in Sources */,
				653C9BAB23463B070007B147 /* BBCFruitsDecoder.swift in Sources */,
			);
			runOnlyForDeploymentPostprocessing = 0;
		};
		6532CFB92344EBAA0006B052 /* Sources */ = {
			isa = PBXSourcesBuildPhase;
			buildActionMask = 2147483647;
			files = (
				650C1E88234E2FDB001882B9 /* BBC_Fruits_App_Model_Tests.swift in Sources */,
				65338ACD234F52400045C22C /* BBC_Fruits_App_DataFormatters_Tests.swift in Sources */,
				6532CFD82344FB2C0006B052 /* Application.swift in Sources */,
				650C1E85234E2FDB001882B9 /* BBC_Fruits_App_BBCFruitsAPI_Tests.swift in Sources */,
				650C1E86234E2FDB001882B9 /* BBC_Fruits_App_BBCNewsDecoder_Tests.swift in Sources */,
				650C1E84234E2FDB001882B9 /* BBC_Fruits_App_BBCAnalytics_Tests.swift in Sources */,
			);
			runOnlyForDeploymentPostprocessing = 0;
		};
/* End PBXSourcesBuildPhase section */

/* Begin PBXTargetDependency section */
		6532CFBF2344EBAA0006B052 /* PBXTargetDependency */ = {
			isa = PBXTargetDependency;
			target = 6532CFA82344EBA90006B052 /* BBC Fruits App */;
			targetProxy = 6532CFBE2344EBAA0006B052 /* PBXContainerItemProxy */;
		};
/* End PBXTargetDependency section */

/* Begin PBXVariantGroup section */
		6532CFB02344EBAA0006B052 /* Main.storyboard */ = {
			isa = PBXVariantGroup;
			children = (
				6532CFB12344EBAA0006B052 /* Base */,
			);
			name = Main.storyboard;
			sourceTree = "<group>";
		};
		6532CFB52344EBAA0006B052 /* LaunchScreen.storyboard */ = {
			isa = PBXVariantGroup;
			children = (
				6532CFB62344EBAA0006B052 /* Base */,
			);
			name = LaunchScreen.storyboard;
			sourceTree = "<group>";
		};
/* End PBXVariantGroup section */

/* Begin XCBuildConfiguration section */
		6532CFC42344EBAA0006B052 /* Debug */ = {
			isa = XCBuildConfiguration;
			buildSettings = {
				ALWAYS_SEARCH_USER_PATHS = NO;
				CLANG_ANALYZER_NONNULL = YES;
				CLANG_ANALYZER_NUMBER_OBJECT_CONVERSION = YES_AGGRESSIVE;
				CLANG_CXX_LANGUAGE_STANDARD = "gnu++14";
				CLANG_CXX_LIBRARY = "libc++";
				CLANG_ENABLE_MODULES = YES;
				CLANG_ENABLE_OBJC_ARC = YES;
				CLANG_WARN_BLOCK_CAPTURE_AUTORELEASING = YES;
				CLANG_WARN_BOOL_CONVERSION = YES;
				CLANG_WARN_COMMA = YES;
				CLANG_WARN_CONSTANT_CONVERSION = YES;
				CLANG_WARN_DIRECT_OBJC_ISA_USAGE = YES_ERROR;
				CLANG_WARN_DOCUMENTATION_COMMENTS = YES;
				CLANG_WARN_EMPTY_BODY = YES;
				CLANG_WARN_ENUM_CONVERSION = YES;
				CLANG_WARN_INFINITE_RECURSION = YES;
				CLANG_WARN_INT_CONVERSION = YES;
				CLANG_WARN_NON_LITERAL_NULL_CONVERSION = YES;
				CLANG_WARN_OBJC_LITERAL_CONVERSION = YES;
				CLANG_WARN_OBJC_ROOT_CLASS = YES_ERROR;
				CLANG_WARN_RANGE_LOOP_ANALYSIS = YES;
				CLANG_WARN_STRICT_PROTOTYPES = YES;
				CLANG_WARN_SUSPICIOUS_MOVE = YES;
				CLANG_WARN_UNGUARDED_AVAILABILITY = YES_AGGRESSIVE;
				CLANG_WARN_UNREACHABLE_CODE = YES;
				CLANG_WARN__DUPLICATE_METHOD_MATCH = YES;
				CODE_SIGN_IDENTITY = "iPhone Developer";
				COPY_PHASE_STRIP = NO;
				DEBUG_INFORMATION_FORMAT = dwarf;
				ENABLE_STRICT_OBJC_MSGSEND = YES;
				ENABLE_TESTABILITY = YES;
				GCC_C_LANGUAGE_STANDARD = gnu11;
				GCC_DYNAMIC_NO_PIC = NO;
				GCC_NO_COMMON_BLOCKS = YES;
				GCC_OPTIMIZATION_LEVEL = 0;
				GCC_PREPROCESSOR_DEFINITIONS = (
					"DEBUG=1",
					"$(inherited)",
				);
				GCC_WARN_64_TO_32_BIT_CONVERSION = YES;
				GCC_WARN_ABOUT_RETURN_TYPE = YES_ERROR;
				GCC_WARN_UNDECLARED_SELECTOR = YES;
				GCC_WARN_UNINITIALIZED_AUTOS = YES_AGGRESSIVE;
				GCC_WARN_UNUSED_FUNCTION = YES;
				GCC_WARN_UNUSED_VARIABLE = YES;
				IPHONEOS_DEPLOYMENT_TARGET = 11.0;
				MTL_ENABLE_DEBUG_INFO = YES;
				ONLY_ACTIVE_ARCH = YES;
				SDKROOT = iphoneos;
				SWIFT_ACTIVE_COMPILATION_CONDITIONS = DEBUG;
				SWIFT_OPTIMIZATION_LEVEL = "-Onone";
			};
			name = Debug;
		};
		6532CFC52344EBAA0006B052 /* Release */ = {
			isa = XCBuildConfiguration;
			buildSettings = {
				ALWAYS_SEARCH_USER_PATHS = NO;
				CLANG_ANALYZER_NONNULL = YES;
				CLANG_ANALYZER_NUMBER_OBJECT_CONVERSION = YES_AGGRESSIVE;
				CLANG_CXX_LANGUAGE_STANDARD = "gnu++14";
				CLANG_CXX_LIBRARY = "libc++";
				CLANG_ENABLE_MODULES = YES;
				CLANG_ENABLE_OBJC_ARC = YES;
				CLANG_WARN_BLOCK_CAPTURE_AUTORELEASING = YES;
				CLANG_WARN_BOOL_CONVERSION = YES;
				CLANG_WARN_COMMA = YES;
				CLANG_WARN_CONSTANT_CONVERSION = YES;
				CLANG_WARN_DIRECT_OBJC_ISA_USAGE = YES_ERROR;
				CLANG_WARN_DOCUMENTATION_COMMENTS = YES;
				CLANG_WARN_EMPTY_BODY = YES;
				CLANG_WARN_ENUM_CONVERSION = YES;
				CLANG_WARN_INFINITE_RECURSION = YES;
				CLANG_WARN_INT_CONVERSION = YES;
				CLANG_WARN_NON_LITERAL_NULL_CONVERSION = YES;
				CLANG_WARN_OBJC_LITERAL_CONVERSION = YES;
				CLANG_WARN_OBJC_ROOT_CLASS = YES_ERROR;
				CLANG_WARN_RANGE_LOOP_ANALYSIS = YES;
				CLANG_WARN_STRICT_PROTOTYPES = YES;
				CLANG_WARN_SUSPICIOUS_MOVE = YES;
				CLANG_WARN_UNGUARDED_AVAILABILITY = YES_AGGRESSIVE;
				CLANG_WARN_UNREACHABLE_CODE = YES;
				CLANG_WARN__DUPLICATE_METHOD_MATCH = YES;
				CODE_SIGN_IDENTITY = "iPhone Developer";
				COPY_PHASE_STRIP = NO;
				DEBUG_INFORMATION_FORMAT = "dwarf-with-dsym";
				ENABLE_NS_ASSERTIONS = NO;
				ENABLE_STRICT_OBJC_MSGSEND = YES;
				GCC_C_LANGUAGE_STANDARD = gnu11;
				GCC_NO_COMMON_BLOCKS = YES;
				GCC_WARN_64_TO_32_BIT_CONVERSION = YES;
				GCC_WARN_ABOUT_RETURN_TYPE = YES_ERROR;
				GCC_WARN_UNDECLARED_SELECTOR = YES;
				GCC_WARN_UNINITIALIZED_AUTOS = YES_AGGRESSIVE;
				GCC_WARN_UNUSED_FUNCTION = YES;
				GCC_WARN_UNUSED_VARIABLE = YES;
				IPHONEOS_DEPLOYMENT_TARGET = 11.0;
				MTL_ENABLE_DEBUG_INFO = NO;
				SDKROOT = iphoneos;
				SWIFT_OPTIMIZATION_LEVEL = "-Owholemodule";
				VALIDATE_PRODUCT = YES;
			};
			name = Release;
		};
		6532CFC72344EBAA0006B052 /* Debug */ = {
			isa = XCBuildConfiguration;
			buildSettings = {
				ASSETCATALOG_COMPILER_APPICON_NAME = AppIcon;
				CODE_SIGN_STYLE = Automatic;
				INFOPLIST_FILE = Source/Info.plist;
				LD_RUNPATH_SEARCH_PATHS = "$(inherited) @executable_path/Frameworks";
				PRODUCT_BUNDLE_IDENTIFIER = "com.jinkhera.BBC-Fruit-App";
				PRODUCT_NAME = "$(TARGET_NAME)";
				SWIFT_VERSION = 4.0;
				TARGETED_DEVICE_FAMILY = "1,2";
			};
			name = Debug;
		};
		6532CFC82344EBAA0006B052 /* Release */ = {
			isa = XCBuildConfiguration;
			buildSettings = {
				ASSETCATALOG_COMPILER_APPICON_NAME = AppIcon;
				CODE_SIGN_STYLE = Automatic;
				INFOPLIST_FILE = Source/Info.plist;
				LD_RUNPATH_SEARCH_PATHS = "$(inherited) @executable_path/Frameworks";
				PRODUCT_BUNDLE_IDENTIFIER = "com.jinkhera.BBC-Fruit-App";
				PRODUCT_NAME = "$(TARGET_NAME)";
				SWIFT_VERSION = 4.0;
				TARGETED_DEVICE_FAMILY = "1,2";
			};
			name = Release;
		};
		6532CFCA2344EBAA0006B052 /* Debug */ = {
			isa = XCBuildConfiguration;
			buildSettings = {
				ALWAYS_EMBED_SWIFT_STANDARD_LIBRARIES = YES;
				BUNDLE_LOADER = "$(TEST_HOST)";
				CODE_SIGN_STYLE = Automatic;
				INFOPLIST_FILE = "BBC Fruits AppTests/Info.plist";
				LD_RUNPATH_SEARCH_PATHS = "$(inherited) @executable_path/Frameworks @loader_path/Frameworks";
				PRODUCT_BUNDLE_IDENTIFIER = "com.jinkhera.BBC-Fruits-AppTests";
				PRODUCT_NAME = "$(TARGET_NAME)";
				SWIFT_VERSION = 4.0;
				TARGETED_DEVICE_FAMILY = "1,2";
				TEST_HOST = "$(BUILT_PRODUCTS_DIR)/BBC Fruits App.app/BBC Fruits App";
			};
			name = Debug;
		};
		6532CFCB2344EBAA0006B052 /* Release */ = {
			isa = XCBuildConfiguration;
			buildSettings = {
				ALWAYS_EMBED_SWIFT_STANDARD_LIBRARIES = YES;
				BUNDLE_LOADER = "$(TEST_HOST)";
				CODE_SIGN_STYLE = Automatic;
				INFOPLIST_FILE = "BBC Fruits AppTests/Info.plist";
				LD_RUNPATH_SEARCH_PATHS = "$(inherited) @executable_path/Frameworks @loader_path/Frameworks";
				PRODUCT_BUNDLE_IDENTIFIER = "com.jinkhera.BBC-Fruits-AppTests";
				PRODUCT_NAME = "$(TARGET_NAME)";
				SWIFT_VERSION = 4.0;
				TARGETED_DEVICE_FAMILY = "1,2";
				TEST_HOST = "$(BUILT_PRODUCTS_DIR)/BBC Fruits App.app/BBC Fruits App";
			};
			name = Release;
		};
/* End XCBuildConfiguration section */

/* Begin XCConfigurationList section */
		6532CFA42344EBA90006B052 /* Build configuration list for PBXProject "BBC Fruits App" */ = {
			isa = XCConfigurationList;
			buildConfigurations = (
				6532CFC42344EBAA0006B052 /* Debug */,
				6532CFC52344EBAA0006B052 /* Release */,
			);
			defaultConfigurationIsVisible = 0;
			defaultConfigurationName = Release;
		};
		6532CFC62344EBAA0006B052 /* Build configuration list for PBXNativeTarget "BBC Fruits App" */ = {
			isa = XCConfigurationList;
			buildConfigurations = (
				6532CFC72344EBAA0006B052 /* Debug */,
				6532CFC82344EBAA0006B052 /* Release */,
			);
			defaultConfigurationIsVisible = 0;
			defaultConfigurationName = Release;
		};
		6532CFC92344EBAA0006B052 /* Build configuration list for PBXNativeTarget "BBC Fruits AppTests" */ = {
			isa = XCConfigurationList;
			buildConfigurations = (
				6532CFCA2344EBAA0006B052 /* Debug */,
				6532CFCB2344EBAA0006B052 /* Release */,
			);
			defaultConfigurationIsVisible = 0;
			defaultConfigurationName = Release;
		};
/* End XCConfigurationList section */
	};
	rootObject = 6532CFA12344EBA90006B052 /* Project object */;
}
